
Microsoft Visual Studio Solution File, Format Version 12.00
# Visual Studio Version 16
VisualStudioVersion = 16.0.30309.148
MinimumVisualStudioVersion = 10.0.40219.1
Project("{FAE04EC0-301F-11D3-BF4B-00C04F79EFBC}") = "API", "API\API.csproj", "{A95C1C2A-2F62-4E92-8A45-1B7D3947E285}"
EndProject
Global
	GlobalSection(SolutionConfigurationPlatforms) = preSolution
		Debug|Any CPU = Debug|Any CPU
		Release|Any CPU = Release|Any CPU
	EndGlobalSection
	GlobalSection(ProjectConfigurationPlatforms) = postSolution
		{A95C1C2A-2F62-4E92-8A45-1B7D3947E285}.Debug|Any CPU.ActiveCfg = Debug|Any CPU
		{A95C1C2A-2F62-4E92-8A45-1B7D3947E285}.Debug|Any CPU.Build.0 = Debug|Any CPU
		{A95C1C2A-2F62-4E92-8A45-1B7D3947E285}.Release|Any CPU.ActiveCfg = Release|Any CPU
		{A95C1C2A-2F62-4E92-8A45-1B7D3947E285}.Release|Any CPU.Build.0 = Release|Any CPU
	EndGlobalSection
	GlobalSection(SolutionProperties) = preSolution
		HideSolutionNode = FALSE
	EndGlobalSection
	GlobalSection(ExtensibilityGlobals) = postSolution
		SolutionGuid = {9DCEAF29-9073-4818-A72F-29874FD4CA3A}
	EndGlobalSection
EndGlobal
